
Microsoft Visual Studio Solution File, Format Version 11.00
# Visual Studio 2010
# SharpDevelop 4.3
Project("{FAE04EC0-301F-11D3-BF4B-00C04F79EFBC}") = "FCCIAlgorithm", "FCCIAlgorithm\FCCIAlgorithm.csproj", "{EF748B00-EA92-43D5-AF2C-9A90B802BFB2}"
EndProject
Global
	GlobalSection(SolutionConfigurationPlatforms) = preSolution
		Debug|Any CPU = Debug|Any CPU
		Release|Any CPU = Release|Any CPU
	EndGlobalSection
	GlobalSection(ProjectConfigurationPlatforms) = postSolution
		{EF748B00-EA92-43D5-AF2C-9A90B802BFB2}.Debug|Any CPU.Build.0 = Debug|Any CPU
		{EF748B00-EA92-43D5-AF2C-9A90B802BFB2}.Debug|Any CPU.ActiveCfg = Debug|Any CPU
		{EF748B00-EA92-43D5-AF2C-9A90B802BFB2}.Release|Any CPU.Build.0 = Release|Any CPU
		{EF748B00-EA92-43D5-AF2C-9A90B802BFB2}.Release|Any CPU.ActiveCfg = Release|Any CPU
	EndGlobalSection
EndGlobal
